// !$*UTF8*$!
{
	archiveVersion = 1;
	classes = {
	};
	objectVersion = 55;
	objects = {

/* Begin PBXBuildFile section */
		2901D5C4277E190F00831954 /* AppDelegate.m in Sources */ = {isa = PBXBuildFile; fileRef = 2901D5C3277E190F00831954 /* AppDelegate.m */; };
		2901D5C7277E190F00831954 /* SceneDelegate.m in Sources */ = {isa = PBXBuildFile; fileRef = 2901D5C6277E190F00831954 /* SceneDelegate.m */; };
		2901D5CA277E190F00831954 /* ViewController.m in Sources */ = {isa = PBXBuildFile; fileRef = 2901D5C9277E190F00831954 /* ViewController.m */; };
		2901D5CD277E190F00831954 /* Main.storyboard in Resources */ = {isa = PBXBuildFile; fileRef = 2901D5CB277E190F00831954 /* Main.storyboard */; };
		2901D5D0277E190F00831954 /* myCoreDataDz.xcdatamodeld in Sources */ = {isa = PBXBuildFile; fileRef = 2901D5CE277E190F00831954 /* myCoreDataDz.xcdatamodeld */; };
		2901D5D2277E191100831954 /* Assets.xcassets in Resources */ = {isa = PBXBuildFile; fileRef = 2901D5D1277E191100831954 /* Assets.xcassets */; };
		2901D5D5277E191100831954 /* LaunchScreen.storyboard in Resources */ = {isa = PBXBuildFile; fileRef = 2901D5D3277E191100831954 /* LaunchScreen.storyboard */; };
		2901D5D8277E191100831954 /* main.m in Sources */ = {isa = PBXBuildFile; fileRef = 2901D5D7277E191100831954 /* main.m */; };
		2901D5E2277E191100831954 /* myCoreDataDzTests.m in Sources */ = {isa = PBXBuildFile; fileRef = 2901D5E1277E191100831954 /* myCoreDataDzTests.m */; };
		2901D5EC277E191100831954 /* myCoreDataDzUITests.m in Sources */ = {isa = PBXBuildFile; fileRef = 2901D5EB277E191100831954 /* myCoreDataDzUITests.m */; };
		2901D5EE277E191100831954 /* myCoreDataDzUITestsLaunchTests.m in Sources */ = {isa = PBXBuildFile; fileRef = 2901D5ED277E191100831954 /* myCoreDataDzUITestsLaunchTests.m */; };
		2901D602277E1A0700831954 /* initialTabBar.m in Sources */ = {isa = PBXBuildFile; fileRef = 2901D601277E1A0700831954 /* initialTabBar.m */; };
		29073CF227865871002BDF71 /* person.png in Resources */ = {isa = PBXBuildFile; fileRef = 29073CF127865871002BDF71 /* person.png */; };
		29073CF427865878002BDF71 /* courses.png in Resources */ = {isa = PBXBuildFile; fileRef = 29073CF327865878002BDF71 /* courses.png */; };
		29073D0727867C44002BDF71 /* createCourceController.m in Sources */ = {isa = PBXBuildFile; fileRef = 29073D0627867C44002BDF71 /* createCourceController.m */; };
		290FE890277E246D002E77FB /* createUser.m in Sources */ = {isa = PBXBuildFile; fileRef = 290FE88F277E246D002E77FB /* createUser.m */; };
		290FE893277E24F9002E77FB /* coursesController.m in Sources */ = {isa = PBXBuildFile; fileRef = 290FE892277E24F9002E77FB /* coursesController.m */; };
		290FE896277E254B002E77FB /* dataManager.m in Sources */ = {isa = PBXBuildFile; fileRef = 290FE895277E254B002E77FB /* dataManager.m */; };
		290FE899277E25DD002E77FB /* coreDataViewContrTableViewController.m in Sources */ = {isa = PBXBuildFile; fileRef = 290FE898277E25DD002E77FB /* coreDataViewContrTableViewController.m */; };
		294CABE0278BFB0E00BE370B /* createObjectController.m in Sources */ = {isa = PBXBuildFile; fileRef = 294CABDF278BFB0E00BE370B /* createObjectController.m */; };
		299CDCC1278FEEBD0016950E /* teacherController.m in Sources */ = {isa = PBXBuildFile; fileRef = 299CDCC0278FEEBD0016950E /* teacherController.m */; };
		299CDCC4278FF2F00016950E /* createTeacherController.m in Sources */ = {isa = PBXBuildFile; fileRef = 299CDCC3278FF2F00016950E /* createTeacherController.m */; };
		299CDCC7279009B10016950E /* allTeachersController.m in Sources */ = {isa = PBXBuildFile; fileRef = 299CDCC6279009B10016950E /* allTeachersController.m */; };
		29DFFD972787AC960060920C /* allUsersController.m in Sources */ = {isa = PBXBuildFile; fileRef = 29DFFD962787AC960060920C /* allUsersController.m */; };
		29E45104278A5ADE0024BA5C /* teacher.png in Resources */ = {isa = PBXBuildFile; fileRef = 29E45103278A5ADE0024BA5C /* teacher.png */; };
		29E45106278A5AE80024BA5C /* object.png in Resources */ = {isa = PBXBuildFile; fileRef = 29E45105278A5AE80024BA5C /* object.png */; };
		29E45109278A5B2D0024BA5C /* objectController.m in Sources */ = {isa = PBXBuildFile; fileRef = 29E45108278A5B2D0024BA5C /* objectController.m */; };
		29FBAF68278EBAEA0003EBD6 /* Teacher+CoreDataClass.m in Sources */ = {isa = PBXBuildFile; fileRef = 29FBAF5A278EBAEA0003EBD6 /* Teacher+CoreDataClass.m */; };
		29FBAF69278EBAEA0003EBD6 /* Teacher+CoreDataProperties.m in Sources */ = {isa = PBXBuildFile; fileRef = 29FBAF5B278EBAEA0003EBD6 /* Teacher+CoreDataProperties.m */; };
		29FBAF6A278EBAEA0003EBD6 /* Cource+CoreDataClass.m in Sources */ = {isa = PBXBuildFile; fileRef = 29FBAF5E278EBAEA0003EBD6 /* Cource+CoreDataClass.m */; };
		29FBAF6B278EBAEA0003EBD6 /* Cource+CoreDataProperties.m in Sources */ = {isa = PBXBuildFile; fileRef = 29FBAF5F278EBAEA0003EBD6 /* Cource+CoreDataProperties.m */; };
		29FBAF6C278EBAEA0003EBD6 /* Obj+CoreDataClass.m in Sources */ = {isa = PBXBuildFile; fileRef = 29FBAF62278EBAEA0003EBD6 /* Obj+CoreDataClass.m */; };
		29FBAF6D278EBAEA0003EBD6 /* Obj+CoreDataProperties.m in Sources */ = {isa = PBXBuildFile; fileRef = 29FBAF63278EBAEA0003EBD6 /* Obj+CoreDataProperties.m */; };
		29FBAF6E278EBAEB0003EBD6 /* User+CoreDataClass.m in Sources */ = {isa = PBXBuildFile; fileRef = 29FBAF66278EBAEA0003EBD6 /* User+CoreDataClass.m */; };
		29FBAF6F278EBAEB0003EBD6 /* User+CoreDataProperties.m in Sources */ = {isa = PBXBuildFile; fileRef = 29FBAF67278EBAEA0003EBD6 /* User+CoreDataProperties.m */; };
		29FBAF74278EBB320003EBD6 /* Parent+CoreDataClass.m in Sources */ = {isa = PBXBuildFile; fileRef = 29FBAF72278EBB320003EBD6 /* Parent+CoreDataClass.m */; };
		29FBAF75278EBB320003EBD6 /* Parent+CoreDataProperties.m in Sources */ = {isa = PBXBuildFile; fileRef = 29FBAF73278EBB320003EBD6 /* Parent+CoreDataProperties.m */; };
		29FBBD822788ED9600007A63 /* allCourcesController.m in Sources */ = {isa = PBXBuildFile; fileRef = 29FBBD812788ED9600007A63 /* allCourcesController.m */; };
		29FEBF50278D363700A5387F /* allObjectController.m in Sources */ = {isa = PBXBuildFile; fileRef = 29FEBF4F278D363700A5387F /* allObjectController.m */; };
/* End PBXBuildFile section */

/* Begin PBXContainerItemProxy section */
		2901D5DE277E191100831954 /* PBXContainerItemProxy */ = {
			isa = PBXContainerItemProxy;
			containerPortal = 2901D5B7277E190F00831954 /* Project object */;
			proxyType = 1;
			remoteGlobalIDString = 2901D5BE277E190F00831954;
			remoteInfo = myCoreDataDz;
		};
		2901D5E8277E191100831954 /* PBXContainerItemProxy */ = {
			isa = PBXContainerItemProxy;
			containerPortal = 2901D5B7277E190F00831954 /* Project object */;
			proxyType = 1;
			remoteGlobalIDString = 2901D5BE277E190F00831954;
			remoteInfo = myCoreDataDz;
		};
/* End PBXContainerItemProxy section */

/* Begin PBXFileReference section */
		2901D5BF277E190F00831954 /* myCoreDataDz.app */ = {isa = PBXFileReference; explicitFileType = wrapper.application; includeInIndex = 0; path = myCoreDataDz.app; sourceTree = BUILT_PRODUCTS_DIR; };
		2901D5C2277E190F00831954 /* AppDelegate.h */ = {isa = PBXFileReference; lastKnownFileType = sourcecode.c.h; path = AppDelegate.h; sourceTree = "<group>"; };
		2901D5C3277E190F00831954 /* AppDelegate.m */ = {isa = PBXFileReference; lastKnownFileType = sourcecode.c.objc; path = AppDelegate.m; sourceTree = "<group>"; };
		2901D5C5277E190F00831954 /* SceneDelegate.h */ = {isa = PBXFileReference; lastKnownFileType = sourcecode.c.h; path = SceneDelegate.h; sourceTree = "<group>"; };
		2901D5C6277E190F00831954 /* SceneDelegate.m */ = {isa = PBXFileReference; lastKnownFileType = sourcecode.c.objc; path = SceneDelegate.m; sourceTree = "<group>"; };
		2901D5C8277E190F00831954 /* ViewController.h */ = {isa = PBXFileReference; lastKnownFileType = sourcecode.c.h; path = ViewController.h; sourceTree = "<group>"; };
		2901D5C9277E190F00831954 /* ViewController.m */ = {isa = PBXFileReference; lastKnownFileType = sourcecode.c.objc; path = ViewController.m; sourceTree = "<group>"; };
		2901D5CC277E190F00831954 /* Base */ = {isa = PBXFileReference; lastKnownFileType = file.storyboard; name = Base; path = Base.lproj/Main.storyboard; sourceTree = "<group>"; };
		2901D5CF277E190F00831954 /* myCoreDataDz.xcdatamodel */ = {isa = PBXFileReference; lastKnownFileType = wrapper.xcdatamodel; path = myCoreDataDz.xcdatamodel; sourceTree = "<group>"; };
		2901D5D1277E191100831954 /* Assets.xcassets */ = {isa = PBXFileReference; lastKnownFileType = folder.assetcatalog; path = Assets.xcassets; sourceTree = "<group>"; };
		2901D5D4277E191100831954 /* Base */ = {isa = PBXFileReference; lastKnownFileType = file.storyboard; name = Base; path = Base.lproj/LaunchScreen.storyboard; sourceTree = "<group>"; };
		2901D5D6277E191100831954 /* Info.plist */ = {isa = PBXFileReference; lastKnownFileType = text.plist.xml; path = Info.plist; sourceTree = "<group>"; };
		2901D5D7277E191100831954 /* main.m */ = {isa = PBXFileReference; lastKnownFileType = sourcecode.c.objc; path = main.m; sourceTree = "<group>"; };
		2901D5DD277E191100831954 /* myCoreDataDzTests.xctest */ = {isa = PBXFileReference; explicitFileType = wrapper.cfbundle; includeInIndex = 0; path = myCoreDataDzTests.xctest; sourceTree = BUILT_PRODUCTS_DIR; };
		2901D5E1277E191100831954 /* myCoreDataDzTests.m */ = {isa = PBXFileReference; lastKnownFileType = sourcecode.c.objc; path = myCoreDataDzTests.m; sourceTree = "<group>"; };
		2901D5E7277E191100831954 /* myCoreDataDzUITests.xctest */ = {isa = PBXFileReference; explicitFileType = wrapper.cfbundle; includeInIndex = 0; path = myCoreDataDzUITests.xctest; sourceTree = BUILT_PRODUCTS_DIR; };
		2901D5EB277E191100831954 /* myCoreDataDzUITests.m */ = {isa = PBXFileReference; lastKnownFileType = sourcecode.c.objc; path = myCoreDataDzUITests.m; sourceTree = "<group>"; };
		2901D5ED277E191100831954 /* myCoreDataDzUITestsLaunchTests.m */ = {isa = PBXFileReference; lastKnownFileType = sourcecode.c.objc; path = myCoreDataDzUITestsLaunchTests.m; sourceTree = "<group>"; };
		2901D600277E1A0700831954 /* initialTabBar.h */ = {isa = PBXFileReference; lastKnownFileType = sourcecode.c.h; path = initialTabBar.h; sourceTree = "<group>"; };
		2901D601277E1A0700831954 /* initialTabBar.m */ = {isa = PBXFileReference; lastKnownFileType = sourcecode.c.objc; path = initialTabBar.m; sourceTree = "<group>"; };
		29073CF127865871002BDF71 /* person.png */ = {isa = PBXFileReference; lastKnownFileType = image.png; name = person.png; path = ../../../Desktop/new/person.png; sourceTree = "<group>"; };
		29073CF327865878002BDF71 /* courses.png */ = {isa = PBXFileReference; lastKnownFileType = image.png; name = courses.png; path = ../../../Desktop/new/courses.png; sourceTree = "<group>"; };
		29073CF627865885002BDF71 /* courses.png */ = {isa = PBXFileReference; lastKnownFileType = image.png; path = courses.png; sourceTree = "<group>"; };
		29073CF727865888002BDF71 /* person.png */ = {isa = PBXFileReference; lastKnownFileType = image.png; path = person.png; sourceTree = "<group>"; };
		29073D0527867C44002BDF71 /* createCourceController.h */ = {isa = PBXFileReference; lastKnownFileType = sourcecode.c.h; path = createCourceController.h; sourceTree = "<group>"; };
		29073D0627867C44002BDF71 /* createCourceController.m */ = {isa = PBXFileReference; lastKnownFileType = sourcecode.c.objc; path = createCourceController.m; sourceTree = "<group>"; };
		290FE88E277E246D002E77FB /* createUser.h */ = {isa = PBXFileReference; lastKnownFileType = sourcecode.c.h; path = createUser.h; sourceTree = "<group>"; };
		290FE88F277E246D002E77FB /* createUser.m */ = {isa = PBXFileReference; lastKnownFileType = sourcecode.c.objc; path = createUser.m; sourceTree = "<group>"; };
		290FE891277E24F9002E77FB /* coursesController.h */ = {isa = PBXFileReference; lastKnownFileType = sourcecode.c.h; path = coursesController.h; sourceTree = "<group>"; };
		290FE892277E24F9002E77FB /* coursesController.m */ = {isa = PBXFileReference; lastKnownFileType = sourcecode.c.objc; path = coursesController.m; sourceTree = "<group>"; };
		290FE894277E254B002E77FB /* dataManager.h */ = {isa = PBXFileReference; lastKnownFileType = sourcecode.c.h; path = dataManager.h; sourceTree = "<group>"; };
		290FE895277E254B002E77FB /* dataManager.m */ = {isa = PBXFileReference; lastKnownFileType = sourcecode.c.objc; path = dataManager.m; sourceTree = "<group>"; };
		290FE897277E25DD002E77FB /* coreDataViewContrTableViewController.h */ = {isa = PBXFileReference; lastKnownFileType = sourcecode.c.h; path = coreDataViewContrTableViewController.h; sourceTree = "<group>"; };
		290FE898277E25DD002E77FB /* coreDataViewContrTableViewController.m */ = {isa = PBXFileReference; lastKnownFileType = sourcecode.c.objc; path = coreDataViewContrTableViewController.m; sourceTree = "<group>"; };
		294CABDE278BFB0E00BE370B /* createObjectController.h */ = {isa = PBXFileReference; lastKnownFileType = sourcecode.c.h; path = createObjectController.h; sourceTree = "<group>"; };
		294CABDF278BFB0E00BE370B /* createObjectController.m */ = {isa = PBXFileReference; lastKnownFileType = sourcecode.c.objc; path = createObjectController.m; sourceTree = "<group>"; };
		299CDCBF278FEEBD0016950E /* teacherController.h */ = {isa = PBXFileReference; lastKnownFileType = sourcecode.c.h; path = teacherController.h; sourceTree = "<group>"; };
		299CDCC0278FEEBD0016950E /* teacherController.m */ = {isa = PBXFileReference; lastKnownFileType = sourcecode.c.objc; path = teacherController.m; sourceTree = "<group>"; };
		299CDCC2278FF2F00016950E /* createTeacherController.h */ = {isa = PBXFileReference; lastKnownFileType = sourcecode.c.h; path = createTeacherController.h; sourceTree = "<group>"; };
		299CDCC3278FF2F00016950E /* createTeacherController.m */ = {isa = PBXFileReference; lastKnownFileType = sourcecode.c.objc; path = createTeacherController.m; sourceTree = "<group>"; };
		299CDCC5279009B10016950E /* allTeachersController.h */ = {isa = PBXFileReference; lastKnownFileType = sourcecode.c.h; path = allTeachersController.h; sourceTree = "<group>"; };
		299CDCC6279009B10016950E /* allTeachersController.m */ = {isa = PBXFileReference; lastKnownFileType = sourcecode.c.objc; path = allTeachersController.m; sourceTree = "<group>"; };
		29DFFD952787AC960060920C /* allUsersController.h */ = {isa = PBXFileReference; lastKnownFileType = sourcecode.c.h; path = allUsersController.h; sourceTree = "<group>"; };
		29DFFD962787AC960060920C /* allUsersController.m */ = {isa = PBXFileReference; lastKnownFileType = sourcecode.c.objc; path = allUsersController.m; sourceTree = "<group>"; };
		29DFFD9D2787B3B30060920C /* selected.png */ = {isa = PBXFileReference; lastKnownFileType = image.png; path = selected.png; sourceTree = "<group>"; };
		29E45103278A5ADE0024BA5C /* teacher.png */ = {isa = PBXFileReference; lastKnownFileType = image.png; name = teacher.png; path = ../../../../Desktop/new/teacher.png; sourceTree = "<group>"; };
		29E45105278A5AE80024BA5C /* object.png */ = {isa = PBXFileReference; lastKnownFileType = image.png; name = object.png; path = ../../../../Desktop/new/object.png; sourceTree = "<group>"; };
		29E45107278A5B2D0024BA5C /* objectController.h */ = {isa = PBXFileReference; lastKnownFileType = sourcecode.c.h; path = objectController.h; sourceTree = "<group>"; };
		29E45108278A5B2D0024BA5C /* objectController.m */ = {isa = PBXFileReference; lastKnownFileType = sourcecode.c.objc; path = objectController.m; sourceTree = "<group>"; };
		29FBAF58278EBAEA0003EBD6 /* Teacher+CoreDataProperties.h */ = {isa = PBXFileReference; lastKnownFileType = sourcecode.c.h; path = "Teacher+CoreDataProperties.h"; sourceTree = "<group>"; };
		29FBAF59278EBAEA0003EBD6 /* Teacher+CoreDataClass.h */ = {isa = PBXFileReference; lastKnownFileType = sourcecode.c.h; path = "Teacher+CoreDataClass.h"; sourceTree = "<group>"; };
		29FBAF5A278EBAEA0003EBD6 /* Teacher+CoreDataClass.m */ = {isa = PBXFileReference; lastKnownFileType = sourcecode.c.objc; path = "Teacher+CoreDataClass.m"; sourceTree = "<group>"; };
		29FBAF5B278EBAEA0003EBD6 /* Teacher+CoreDataProperties.m */ = {isa = PBXFileReference; lastKnownFileType = sourcecode.c.objc; path = "Teacher+CoreDataProperties.m"; sourceTree = "<group>"; };
		29FBAF5C278EBAEA0003EBD6 /* Cource+CoreDataProperties.h */ = {isa = PBXFileReference; lastKnownFileType = sourcecode.c.h; path = "Cource+CoreDataProperties.h"; sourceTree = "<group>"; };
		29FBAF5D278EBAEA0003EBD6 /* Cource+CoreDataClass.h */ = {isa = PBXFileReference; lastKnownFileType = sourcecode.c.h; path = "Cource+CoreDataClass.h"; sourceTree = "<group>"; };
		29FBAF5E278EBAEA0003EBD6 /* Cource+CoreDataClass.m */ = {isa = PBXFileReference; lastKnownFileType = sourcecode.c.objc; path = "Cource+CoreDataClass.m"; sourceTree = "<group>"; };
		29FBAF5F278EBAEA0003EBD6 /* Cource+CoreDataProperties.m */ = {isa = PBXFileReference; lastKnownFileType = sourcecode.c.objc; path = "Cource+CoreDataProperties.m"; sourceTree = "<group>"; };
		29FBAF60278EBAEA0003EBD6 /* Obj+CoreDataProperties.h */ = {isa = PBXFileReference; lastKnownFileType = sourcecode.c.h; path = "Obj+CoreDataProperties.h"; sourceTree = "<group>"; };
		29FBAF61278EBAEA0003EBD6 /* Obj+CoreDataClass.h */ = {isa = PBXFileReference; lastKnownFileType = sourcecode.c.h; path = "Obj+CoreDataClass.h"; sourceTree = "<group>"; };
		29FBAF62278EBAEA0003EBD6 /* Obj+CoreDataClass.m */ = {isa = PBXFileReference; lastKnownFileType = sourcecode.c.objc; path = "Obj+CoreDataClass.m"; sourceTree = "<group>"; };
		29FBAF63278EBAEA0003EBD6 /* Obj+CoreDataProperties.m */ = {isa = PBXFileReference; lastKnownFileType = sourcecode.c.objc; path = "Obj+CoreDataProperties.m"; sourceTree = "<group>"; };
		29FBAF64278EBAEA0003EBD6 /* User+CoreDataProperties.h */ = {isa = PBXFileReference; lastKnownFileType = sourcecode.c.h; path = "User+CoreDataProperties.h"; sourceTree = "<group>"; };
		29FBAF65278EBAEA0003EBD6 /* User+CoreDataClass.h */ = {isa = PBXFileReference; lastKnownFileType = sourcecode.c.h; path = "User+CoreDataClass.h"; sourceTree = "<group>"; };
		29FBAF66278EBAEA0003EBD6 /* User+CoreDataClass.m */ = {isa = PBXFileReference; lastKnownFileType = sourcecode.c.objc; path = "User+CoreDataClass.m"; sourceTree = "<group>"; };
		29FBAF67278EBAEA0003EBD6 /* User+CoreDataProperties.m */ = {isa = PBXFileReference; lastKnownFileType = sourcecode.c.objc; path = "User+CoreDataProperties.m"; sourceTree = "<group>"; };
		29FBAF70278EBB320003EBD6 /* Parent+CoreDataProperties.h */ = {isa = PBXFileReference; lastKnownFileType = sourcecode.c.h; path = "Parent+CoreDataProperties.h"; sourceTree = "<group>"; };
		29FBAF71278EBB320003EBD6 /* Parent+CoreDataClass.h */ = {isa = PBXFileReference; lastKnownFileType = sourcecode.c.h; path = "Parent+CoreDataClass.h"; sourceTree = "<group>"; };
		29FBAF72278EBB320003EBD6 /* Parent+CoreDataClass.m */ = {isa = PBXFileReference; lastKnownFileType = sourcecode.c.objc; path = "Parent+CoreDataClass.m"; sourceTree = "<group>"; };
		29FBAF73278EBB320003EBD6 /* Parent+CoreDataProperties.m */ = {isa = PBXFileReference; lastKnownFileType = sourcecode.c.objc; path = "Parent+CoreDataProperties.m"; sourceTree = "<group>"; };
		29FBBD802788ED9600007A63 /* allCourcesController.h */ = {isa = PBXFileReference; lastKnownFileType = sourcecode.c.h; path = allCourcesController.h; sourceTree = "<group>"; };
		29FBBD812788ED9600007A63 /* allCourcesController.m */ = {isa = PBXFileReference; lastKnownFileType = sourcecode.c.objc; path = allCourcesController.m; sourceTree = "<group>"; };
		29FEBF4E278D363700A5387F /* allObjectController.h */ = {isa = PBXFileReference; lastKnownFileType = sourcecode.c.h; path = allObjectController.h; sourceTree = "<group>"; };
		29FEBF4F278D363700A5387F /* allObjectController.m */ = {isa = PBXFileReference; lastKnownFileType = sourcecode.c.objc; path = allObjectController.m; sourceTree = "<group>"; };
/* End PBXFileReference section */

/* Begin PBXFrameworksBuildPhase section */
		2901D5BC277E190F00831954 /* Frameworks */ = {
			isa = PBXFrameworksBuildPhase;
			buildActionMask = 2147483647;
			files = (
			);
			runOnlyForDeploymentPostprocessing = 0;
		};
		2901D5DA277E191100831954 /* Frameworks */ = {
			isa = PBXFrameworksBuildPhase;
			buildActionMask = 2147483647;
			files = (
			);
			runOnlyForDeploymentPostprocessing = 0;
		};
		2901D5E4277E191100831954 /* Frameworks */ = {
			isa = PBXFrameworksBuildPhase;
			buildActionMask = 2147483647;
			files = (
			);
			runOnlyForDeploymentPostprocessing = 0;
		};
/* End PBXFrameworksBuildPhase section */

/* Begin PBXGroup section */
		2901D5B6277E190F00831954 = {
			isa = PBXGroup;
			children = (
				29FBAF76278EBBFF0003EBD6 /* model */,
				2901D5C1277E190F00831954 /* myCoreDataDz */,
				2901D5E0277E191100831954 /* myCoreDataDzTests */,
				2901D5EA277E191100831954 /* myCoreDataDzUITests */,
				2901D5C0277E190F00831954 /* Products */,
			);
			sourceTree = "<group>";
		};
		2901D5C0277E190F00831954 /* Products */ = {
			isa = PBXGroup;
			children = (
				2901D5BF277E190F00831954 /* myCoreDataDz.app */,
				2901D5DD277E191100831954 /* myCoreDataDzTests.xctest */,
				2901D5E7277E191100831954 /* myCoreDataDzUITests.xctest */,
			);
			name = Products;
			sourceTree = "<group>";
		};
		2901D5C1277E190F00831954 /* myCoreDataDz */ = {
			isa = PBXGroup;
			children = (
				2901D5C2277E190F00831954 /* AppDelegate.h */,
				2901D5C3277E190F00831954 /* AppDelegate.m */,
				2901D5C5277E190F00831954 /* SceneDelegate.h */,
				2901D5C6277E190F00831954 /* SceneDelegate.m */,
				2901D600277E1A0700831954 /* initialTabBar.h */,
				2901D601277E1A0700831954 /* initialTabBar.m */,
				2901D5C8277E190F00831954 /* ViewController.h */,
				2901D5C9277E190F00831954 /* ViewController.m */,
				290FE891277E24F9002E77FB /* coursesController.h */,
				290FE892277E24F9002E77FB /* coursesController.m */,
				29E45107278A5B2D0024BA5C /* objectController.h */,
				29E45108278A5B2D0024BA5C /* objectController.m */,
				299CDCBF278FEEBD0016950E /* teacherController.h */,
				299CDCC0278FEEBD0016950E /* teacherController.m */,
				299CDCC2278FF2F00016950E /* createTeacherController.h */,
				299CDCC3278FF2F00016950E /* createTeacherController.m */,
				290FE88E277E246D002E77FB /* createUser.h */,
				290FE88F277E246D002E77FB /* createUser.m */,
				294CABDE278BFB0E00BE370B /* createObjectController.h */,
				294CABDF278BFB0E00BE370B /* createObjectController.m */,
				29073D0527867C44002BDF71 /* createCourceController.h */,
				29073D0627867C44002BDF71 /* createCourceController.m */,
				290FE897277E25DD002E77FB /* coreDataViewContrTableViewController.h */,
				290FE898277E25DD002E77FB /* coreDataViewContrTableViewController.m */,
				299CDCC5279009B10016950E /* allTeachersController.h */,
				299CDCC6279009B10016950E /* allTeachersController.m */,
				29FEBF4E278D363700A5387F /* allObjectController.h */,
				29FEBF4F278D363700A5387F /* allObjectController.m */,
				29DFFD952787AC960060920C /* allUsersController.h */,
				29DFFD962787AC960060920C /* allUsersController.m */,
				29FBBD802788ED9600007A63 /* allCourcesController.h */,
				29FBBD812788ED9600007A63 /* allCourcesController.m */,
				290FE894277E254B002E77FB /* dataManager.h */,
				290FE895277E254B002E77FB /* dataManager.m */,
				2901D5CB277E190F00831954 /* Main.storyboard */,
				29073CF327865878002BDF71 /* courses.png */,
				29073CF52786587C002BDF71 /* images */,
				29073CF127865871002BDF71 /* person.png */,
				2901D5D1277E191100831954 /* Assets.xcassets */,
				2901D5D3277E191100831954 /* LaunchScreen.storyboard */,
				2901D5D6277E191100831954 /* Info.plist */,
				2901D5D7277E191100831954 /* main.m */,
				2901D5CE277E190F00831954 /* myCoreDataDz.xcdatamodeld */,
			);
			path = myCoreDataDz;
			sourceTree = "<group>";
		};
		2901D5E0277E191100831954 /* myCoreDataDzTests */ = {
			isa = PBXGroup;
			children = (
				2901D5E1277E191100831954 /* myCoreDataDzTests.m */,
			);
			path = myCoreDataDzTests;
			sourceTree = "<group>";
		};
		2901D5EA277E191100831954 /* myCoreDataDzUITests */ = {
			isa = PBXGroup;
			children = (
				2901D5EB277E191100831954 /* myCoreDataDzUITests.m */,
				2901D5ED277E191100831954 /* myCoreDataDzUITestsLaunchTests.m */,
			);
			path = myCoreDataDzUITests;
			sourceTree = "<group>";
		};
		29073CF52786587C002BDF71 /* images */ = {
			isa = PBXGroup;
			children = (
				29E45105278A5AE80024BA5C /* object.png */,
				29E45103278A5ADE0024BA5C /* teacher.png */,
				29DFFD9D2787B3B30060920C /* selected.png */,
				29073CF727865888002BDF71 /* person.png */,
				29073CF627865885002BDF71 /* courses.png */,
			);
			path = images;
			sourceTree = "<group>";
		};
		29FBAF76278EBBFF0003EBD6 /* model */ = {
			isa = PBXGroup;
			children = (
				29FBAF71278EBB320003EBD6 /* Parent+CoreDataClass.h */,
				29FBAF72278EBB320003EBD6 /* Parent+CoreDataClass.m */,
				29FBAF70278EBB320003EBD6 /* Parent+CoreDataProperties.h */,
				29FBAF73278EBB320003EBD6 /* Parent+CoreDataProperties.m */,
				29FBAF65278EBAEA0003EBD6 /* User+CoreDataClass.h */,
				29FBAF66278EBAEA0003EBD6 /* User+CoreDataClass.m */,
				29FBAF64278EBAEA0003EBD6 /* User+CoreDataProperties.h */,
				29FBAF67278EBAEA0003EBD6 /* User+CoreDataProperties.m */,
				29FBAF5D278EBAEA0003EBD6 /* Cource+CoreDataClass.h */,
				29FBAF5E278EBAEA0003EBD6 /* Cource+CoreDataClass.m */,
				29FBAF5C278EBAEA0003EBD6 /* Cource+CoreDataProperties.h */,
				29FBAF5F278EBAEA0003EBD6 /* Cource+CoreDataProperties.m */,
				29FBAF61278EBAEA0003EBD6 /* Obj+CoreDataClass.h */,
				29FBAF62278EBAEA0003EBD6 /* Obj+CoreDataClass.m */,
				29FBAF60278EBAEA0003EBD6 /* Obj+CoreDataProperties.h */,
				29FBAF63278EBAEA0003EBD6 /* Obj+CoreDataProperties.m */,
				29FBAF59278EBAEA0003EBD6 /* Teacher+CoreDataClass.h */,
				29FBAF5A278EBAEA0003EBD6 /* Teacher+CoreDataClass.m */,
				29FBAF58278EBAEA0003EBD6 /* Teacher+CoreDataProperties.h */,
				29FBAF5B278EBAEA0003EBD6 /* Teacher+CoreDataProperties.m */,
			);
			path = model;
			sourceTree = "<group>";
		};
/* End PBXGroup section */

/* Begin PBXNativeTarget section */
		2901D5BE277E190F00831954 /* myCoreDataDz */ = {
			isa = PBXNativeTarget;
			buildConfigurationList = 2901D5F1277E191100831954 /* Build configuration list for PBXNativeTarget "myCoreDataDz" */;
			buildPhases = (
				2901D5BB277E190F00831954 /* Sources */,
				2901D5BC277E190F00831954 /* Frameworks */,
				2901D5BD277E190F00831954 /* Resources */,
			);
			buildRules = (
			);
			dependencies = (
			);
			name = myCoreDataDz;
			productName = myCoreDataDz;
			productReference = 2901D5BF277E190F00831954 /* myCoreDataDz.app */;
			productType = "com.apple.product-type.application";
		};
		2901D5DC277E191100831954 /* myCoreDataDzTests */ = {
			isa = PBXNativeTarget;
			buildConfigurationList = 2901D5F4277E191100831954 /* Build configuration list for PBXNativeTarget "myCoreDataDzTests" */;
			buildPhases = (
				2901D5D9277E191100831954 /* Sources */,
				2901D5DA277E191100831954 /* Frameworks */,
				2901D5DB277E191100831954 /* Resources */,
			);
			buildRules = (
			);
			dependencies = (
				2901D5DF277E191100831954 /* PBXTargetDependency */,
			);
			name = myCoreDataDzTests;
			productName = myCoreDataDzTests;
			productReference = 2901D5DD277E191100831954 /* myCoreDataDzTests.xctest */;
			productType = "com.apple.product-type.bundle.unit-test";
		};
		2901D5E6277E191100831954 /* myCoreDataDzUITests */ = {
			isa = PBXNativeTarget;
			buildConfigurationList = 2901D5F7277E191100831954 /* Build configuration list for PBXNativeTarget "myCoreDataDzUITests" */;
			buildPhases = (
				2901D5E3277E191100831954 /* Sources */,
				2901D5E4277E191100831954 /* Frameworks */,
				2901D5E5277E191100831954 /* Resources */,
			);
			buildRules = (
			);
			dependencies = (
				2901D5E9277E191100831954 /* PBXTargetDependency */,
			);
			name = myCoreDataDzUITests;
			productName = myCoreDataDzUITests;
			productReference = 2901D5E7277E191100831954 /* myCoreDataDzUITests.xctest */;
			productType = "com.apple.product-type.bundle.ui-testing";
		};
/* End PBXNativeTarget section */

/* Begin PBXProject section */
		2901D5B7277E190F00831954 /* Project object */ = {
			isa = PBXProject;
			attributes = {
				BuildIndependentTargetsInParallel = 1;
				LastUpgradeCheck = 1310;
				TargetAttributes = {
					2901D5BE277E190F00831954 = {
						CreatedOnToolsVersion = 13.1;
					};
					2901D5DC277E191100831954 = {
						CreatedOnToolsVersion = 13.1;
						TestTargetID = 2901D5BE277E190F00831954;
					};
					2901D5E6277E191100831954 = {
						CreatedOnToolsVersion = 13.1;
						TestTargetID = 2901D5BE277E190F00831954;
					};
				};
			};
			buildConfigurationList = 2901D5BA277E190F00831954 /* Build configuration list for PBXProject "myCoreDataDz" */;
			compatibilityVersion = "Xcode 13.0";
			developmentRegion = en;
			hasScannedForEncodings = 0;
			knownRegions = (
				en,
				Base,
			);
			mainGroup = 2901D5B6277E190F00831954;
			productRefGroup = 2901D5C0277E190F00831954 /* Products */;
			projectDirPath = "";
			projectRoot = "";
			targets = (
				2901D5BE277E190F00831954 /* myCoreDataDz */,
				2901D5DC277E191100831954 /* myCoreDataDzTests */,
				2901D5E6277E191100831954 /* myCoreDataDzUITests */,
			);
		};
/* End PBXProject section */

/* Begin PBXResourcesBuildPhase section */
		2901D5BD277E190F00831954 /* Resources */ = {
			isa = PBXResourcesBuildPhase;
			buildActionMask = 2147483647;
			files = (
				29073CF227865871002BDF71 /* person.png in Resources */,
				29E45106278A5AE80024BA5C /* object.png in Resources */,
				2901D5D5277E191100831954 /* LaunchScreen.storyboard in Resources */,
				29E45104278A5ADE0024BA5C /* teacher.png in Resources */,
				29073CF427865878002BDF71 /* courses.png in Resources */,
				2901D5D2277E191100831954 /* Assets.xcassets in Resources */,
				2901D5CD277E190F00831954 /* Main.storyboard in Resources */,
			);
			runOnlyForDeploymentPostprocessing = 0;
		};
		2901D5DB277E191100831954 /* Resources */ = {
			isa = PBXResourcesBuildPhase;
			buildActionMask = 2147483647;
			files = (
			);
			runOnlyForDeploymentPostprocessing = 0;
		};
		2901D5E5277E191100831954 /* Resources */ = {
			isa = PBXResourcesBuildPhase;
			buildActionMask = 2147483647;
			files = (
			);
			runOnlyForDeploymentPostprocessing = 0;
		};
/* End PBXResourcesBuildPhase section */

/* Begin PBXSourcesBuildPhase section */
		2901D5BB277E190F00831954 /* Sources */ = {
			isa = PBXSourcesBuildPhase;
			buildActionMask = 2147483647;
			files = (
				290FE896277E254B002E77FB /* dataManager.m in Sources */,
				290FE893277E24F9002E77FB /* coursesController.m in Sources */,
				2901D5D8277E191100831954 /* main.m in Sources */,
				290FE899277E25DD002E77FB /* coreDataViewContrTableViewController.m in Sources */,
				299CDCC4278FF2F00016950E /* createTeacherController.m in Sources */,
				29FBBD822788ED9600007A63 /* allCourcesController.m in Sources */,
				2901D602277E1A0700831954 /* initialTabBar.m in Sources */,
				29FBAF6F278EBAEB0003EBD6 /* User+CoreDataProperties.m in Sources */,
				294CABE0278BFB0E00BE370B /* createObjectController.m in Sources */,
				2901D5D0277E190F00831954 /* myCoreDataDz.xcdatamodeld in Sources */,
				2901D5CA277E190F00831954 /* ViewController.m in Sources */,
				290FE890277E246D002E77FB /* createUser.m in Sources */,
				29FBAF74278EBB320003EBD6 /* Parent+CoreDataClass.m in Sources */,
				29FBAF6A278EBAEA0003EBD6 /* Cource+CoreDataClass.m in Sources */,
				29FBAF75278EBB320003EBD6 /* Parent+CoreDataProperties.m in Sources */,
				2901D5C4277E190F00831954 /* AppDelegate.m in Sources */,
				299CDCC1278FEEBD0016950E /* teacherController.m in Sources */,
				29FBAF6C278EBAEA0003EBD6 /* Obj+CoreDataClass.m in Sources */,
				29E45109278A5B2D0024BA5C /* objectController.m in Sources */,
				29073D0727867C44002BDF71 /* createCourceController.m in Sources */,
				29DFFD972787AC960060920C /* allUsersController.m in Sources */,
				29FBAF69278EBAEA0003EBD6 /* Teacher+CoreDataProperties.m in Sources */,
				29FBAF6E278EBAEB0003EBD6 /* User+CoreDataClass.m in Sources */,
				29FEBF50278D363700A5387F /* allObjectController.m in Sources */,
				299CDCC7279009B10016950E /* allTeachersController.m in Sources */,
				29FBAF68278EBAEA0003EBD6 /* Teacher+CoreDataClass.m in Sources */,
				29FBAF6B278EBAEA0003EBD6 /* Cource+CoreDataProperties.m in Sources */,
				2901D5C7277E190F00831954 /* SceneDelegate.m in Sources */,
				29FBAF6D278EBAEA0003EBD6 /* Obj+CoreDataProperties.m in Sources */,
			);
			runOnlyForDeploymentPostprocessing = 0;
		};
		2901D5D9277E191100831954 /* Sources */ = {
			isa = PBXSourcesBuildPhase;
			buildActionMask = 2147483647;
			files = (
				2901D5E2277E191100831954 /* myCoreDataDzTests.m in Sources */,
			);
			runOnlyForDeploymentPostprocessing = 0;
		};
		2901D5E3277E191100831954 /* Sources */ = {
			isa = PBXSourcesBuildPhase;
			buildActionMask = 2147483647;
			files = (
				2901D5EE277E191100831954 /* myCoreDataDzUITestsLaunchTests.m in Sources */,
				2901D5EC277E191100831954 /* myCoreDataDzUITests.m in Sources */,
			);
			runOnlyForDeploymentPostprocessing = 0;
		};
/* End PBXSourcesBuildPhase section */

/* Begin PBXTargetDependency section */
		2901D5DF277E191100831954 /* PBXTargetDependency */ = {
			isa = PBXTargetDependency;
			target = 2901D5BE277E190F00831954 /* myCoreDataDz */;
			targetProxy = 2901D5DE277E191100831954 /* PBXContainerItemProxy */;
		};
		2901D5E9277E191100831954 /* PBXTargetDependency */ = {
			isa = PBXTargetDependency;
			target = 2901D5BE277E190F00831954 /* myCoreDataDz */;
			targetProxy = 2901D5E8277E191100831954 /* PBXContainerItemProxy */;
		};
/* End PBXTargetDependency section */

/* Begin PBXVariantGroup section */
		2901D5CB277E190F00831954 /* Main.storyboard */ = {
			isa = PBXVariantGroup;
			children = (
				2901D5CC277E190F00831954 /* Base */,
			);
			name = Main.storyboard;
			sourceTree = "<group>";
		};
		2901D5D3277E191100831954 /* LaunchScreen.storyboard */ = {
			isa = PBXVariantGroup;
			children = (
				2901D5D4277E191100831954 /* Base */,
			);
			name = LaunchScreen.storyboard;
			sourceTree = "<group>";
		};
/* End PBXVariantGroup section */

/* Begin XCBuildConfiguration section */
		2901D5EF277E191100831954 /* Debug */ = {
			isa = XCBuildConfiguration;
			buildSettings = {
				ALWAYS_SEARCH_USER_PATHS = NO;
				CLANG_ANALYZER_NONNULL = YES;
				CLANG_ANALYZER_NUMBER_OBJECT_CONVERSION = YES_AGGRESSIVE;
				CLANG_CXX_LANGUAGE_STANDARD = "gnu++17";
				CLANG_CXX_LIBRARY = "libc++";
				CLANG_ENABLE_MODULES = YES;
				CLANG_ENABLE_OBJC_ARC = YES;
				CLANG_ENABLE_OBJC_WEAK = YES;
				CLANG_WARN_BLOCK_CAPTURE_AUTORELEASING = YES;
				CLANG_WARN_BOOL_CONVERSION = YES;
				CLANG_WARN_COMMA = YES;
				CLANG_WARN_CONSTANT_CONVERSION = YES;
				CLANG_WARN_DEPRECATED_OBJC_IMPLEMENTATIONS = YES;
				CLANG_WARN_DIRECT_OBJC_ISA_USAGE = YES_ERROR;
				CLANG_WARN_DOCUMENTATION_COMMENTS = YES;
				CLANG_WARN_EMPTY_BODY = YES;
				CLANG_WARN_ENUM_CONVERSION = YES;
				CLANG_WARN_INFINITE_RECURSION = YES;
				CLANG_WARN_INT_CONVERSION = YES;
				CLANG_WARN_NON_LITERAL_NULL_CONVERSION = YES;
				CLANG_WARN_OBJC_IMPLICIT_RETAIN_SELF = YES;
				CLANG_WARN_OBJC_LITERAL_CONVERSION = YES;
				CLANG_WARN_OBJC_ROOT_CLASS = YES_ERROR;
				CLANG_WARN_QUOTED_INCLUDE_IN_FRAMEWORK_HEADER = YES;
				CLANG_WARN_RANGE_LOOP_ANALYSIS = YES;
				CLANG_WARN_STRICT_PROTOTYPES = YES;
				CLANG_WARN_SUSPICIOUS_MOVE = YES;
				CLANG_WARN_UNGUARDED_AVAILABILITY = YES_AGGRESSIVE;
				CLANG_WARN_UNREACHABLE_CODE = YES;
				CLANG_WARN__DUPLICATE_METHOD_MATCH = YES;
				COPY_PHASE_STRIP = NO;
				DEBUG_INFORMATION_FORMAT = dwarf;
				ENABLE_STRICT_OBJC_MSGSEND = YES;
				ENABLE_TESTABILITY = YES;
				GCC_C_LANGUAGE_STANDARD = gnu11;
				GCC_DYNAMIC_NO_PIC = NO;
				GCC_NO_COMMON_BLOCKS = YES;
				GCC_OPTIMIZATION_LEVEL = 0;
				GCC_PREPROCESSOR_DEFINITIONS = (
					"DEBUG=1",
					"$(inherited)",
				);
				GCC_WARN_64_TO_32_BIT_CONVERSION = YES;
				GCC_WARN_ABOUT_RETURN_TYPE = YES_ERROR;
				GCC_WARN_UNDECLARED_SELECTOR = YES;
				GCC_WARN_UNINITIALIZED_AUTOS = YES_AGGRESSIVE;
				GCC_WARN_UNUSED_FUNCTION = YES;
				GCC_WARN_UNUSED_VARIABLE = YES;
				IPHONEOS_DEPLOYMENT_TARGET = 15.0;
				MTL_ENABLE_DEBUG_INFO = INCLUDE_SOURCE;
				MTL_FAST_MATH = YES;
				ONLY_ACTIVE_ARCH = YES;
				SDKROOT = iphoneos;
			};
			name = Debug;
		};
		2901D5F0277E191100831954 /* Release */ = {
			isa = XCBuildConfiguration;
			buildSettings = {
				ALWAYS_SEARCH_USER_PATHS = NO;
				CLANG_ANALYZER_NONNULL = YES;
				CLANG_ANALYZER_NUMBER_OBJECT_CONVERSION = YES_AGGRESSIVE;
				CLANG_CXX_LANGUAGE_STANDARD = "gnu++17";
				CLANG_CXX_LIBRARY = "libc++";
				CLANG_ENABLE_MODULES = YES;
				CLANG_ENABLE_OBJC_ARC = YES;
				CLANG_ENABLE_OBJC_WEAK = YES;
				CLANG_WARN_BLOCK_CAPTURE_AUTORELEASING = YES;
				CLANG_WARN_BOOL_CONVERSION = YES;
				CLANG_WARN_COMMA = YES;
				CLANG_WARN_CONSTANT_CONVERSION = YES;
				CLANG_WARN_DEPRECATED_OBJC_IMPLEMENTATIONS = YES;
				CLANG_WARN_DIRECT_OBJC_ISA_USAGE = YES_ERROR;
				CLANG_WARN_DOCUMENTATION_COMMENTS = YES;
				CLANG_WARN_EMPTY_BODY = YES;
				CLANG_WARN_ENUM_CONVERSION = YES;
				CLANG_WARN_INFINITE_RECURSION = YES;
				CLANG_WARN_INT_CONVERSION = YES;
				CLANG_WARN_NON_LITERAL_NULL_CONVERSION = YES;
				CLANG_WARN_OBJC_IMPLICIT_RETAIN_SELF = YES;
				CLANG_WARN_OBJC_LITERAL_CONVERSION = YES;
				CLANG_WARN_OBJC_ROOT_CLASS = YES_ERROR;
				CLANG_WARN_QUOTED_INCLUDE_IN_FRAMEWORK_HEADER = YES;
				CLANG_WARN_RANGE_LOOP_ANALYSIS = YES;
				CLANG_WARN_STRICT_PROTOTYPES = YES;
				CLANG_WARN_SUSPICIOUS_MOVE = YES;
				CLANG_WARN_UNGUARDED_AVAILABILITY = YES_AGGRESSIVE;
				CLANG_WARN_UNREACHABLE_CODE = YES;
				CLANG_WARN__DUPLICATE_METHOD_MATCH = YES;
				COPY_PHASE_STRIP = NO;
				DEBUG_INFORMATION_FORMAT = "dwarf-with-dsym";
				ENABLE_NS_ASSERTIONS = NO;
				ENABLE_STRICT_OBJC_MSGSEND = YES;
				GCC_C_LANGUAGE_STANDARD = gnu11;
				GCC_NO_COMMON_BLOCKS = YES;
				GCC_WARN_64_TO_32_BIT_CONVERSION = YES;
				GCC_WARN_ABOUT_RETURN_TYPE = YES_ERROR;
				GCC_WARN_UNDECLARED_SELECTOR = YES;
				GCC_WARN_UNINITIALIZED_AUTOS = YES_AGGRESSIVE;
				GCC_WARN_UNUSED_FUNCTION = YES;
				GCC_WARN_UNUSED_VARIABLE = YES;
				IPHONEOS_DEPLOYMENT_TARGET = 15.0;
				MTL_ENABLE_DEBUG_INFO = NO;
				MTL_FAST_MATH = YES;
				SDKROOT = iphoneos;
				VALIDATE_PRODUCT = YES;
			};
			name = Release;
		};
		2901D5F2277E191100831954 /* Debug */ = {
			isa = XCBuildConfiguration;
			buildSettings = {
				ASSETCATALOG_COMPILER_APPICON_NAME = AppIcon;
				ASSETCATALOG_COMPILER_GLOBAL_ACCENT_COLOR_NAME = AccentColor;
				CODE_SIGN_STYLE = Automatic;
				CURRENT_PROJECT_VERSION = 1;
				DEVELOPMENT_TEAM = NW3TBUJXAX;
				GENERATE_INFOPLIST_FILE = YES;
				INFOPLIST_FILE = myCoreDataDz/Info.plist;
				INFOPLIST_KEY_UIApplicationSupportsIndirectInputEvents = YES;
				INFOPLIST_KEY_UILaunchStoryboardName = LaunchScreen;
				INFOPLIST_KEY_UIMainStoryboardFile = Main;
				INFOPLIST_KEY_UISupportedInterfaceOrientations_iPad = "UIInterfaceOrientationPortrait UIInterfaceOrientationPortraitUpsideDown UIInterfaceOrientationLandscapeLeft UIInterfaceOrientationLandscapeRight";
				INFOPLIST_KEY_UISupportedInterfaceOrientations_iPhone = "UIInterfaceOrientationPortrait UIInterfaceOrientationLandscapeLeft UIInterfaceOrientationLandscapeRight";
				LD_RUNPATH_SEARCH_PATHS = (
					"$(inherited)",
					"@executable_path/Frameworks",
				);
				MARKETING_VERSION = 1.0;
				PRODUCT_BUNDLE_IDENTIFIER = valeriy.myCoreDataDz;
				PRODUCT_NAME = "$(TARGET_NAME)";
				SWIFT_EMIT_LOC_STRINGS = YES;
				TARGETED_DEVICE_FAMILY = "1,2";
			};
			name = Debug;
		};
		2901D5F3277E191100831954 /* Release */ = {
			isa = XCBuildConfiguration;
			buildSettings = {
				ASSETCATALOG_COMPILER_APPICON_NAME = AppIcon;
				ASSETCATALOG_COMPILER_GLOBAL_ACCENT_COLOR_NAME = AccentColor;
				CODE_SIGN_STYLE = Automatic;
				CURRENT_PROJECT_VERSION = 1;
				DEVELOPMENT_TEAM = NW3TBUJXAX;
				GENERATE_INFOPLIST_FILE = YES;
				INFOPLIST_FILE = myCoreDataDz/Info.plist;
				INFOPLIST_KEY_UIApplicationSupportsIndirectInputEvents = YES;
				INFOPLIST_KEY_UILaunchStoryboardName = LaunchScreen;
				INFOPLIST_KEY_UIMainStoryboardFile = Main;
				INFOPLIST_KEY_UISupportedInterfaceOrientations_iPad = "UIInterfaceOrientationPortrait UIInterfaceOrientationPortraitUpsideDown UIInterfaceOrientationLandscapeLeft UIInterfaceOrientationLandscapeRight";
				INFOPLIST_KEY_UISupportedInterfaceOrientations_iPhone = "UIInterfaceOrientationPortrait UIInterfaceOrientationLandscapeLeft UIInterfaceOrientationLandscapeRight";
				LD_RUNPATH_SEARCH_PATHS = (
					"$(inherited)",
					"@executable_path/Frameworks",
				);
				MARKETING_VERSION = 1.0;
				PRODUCT_BUNDLE_IDENTIFIER = valeriy.myCoreDataDz;
				PRODUCT_NAME = "$(TARGET_NAME)";
				SWIFT_EMIT_LOC_STRINGS = YES;
				TARGETED_DEVICE_FAMILY = "1,2";
			};
			name = Release;
		};
		2901D5F5277E191100831954 /* Debug */ = {
			isa = XCBuildConfiguration;
			buildSettings = {
				BUNDLE_LOADER = "$(TEST_HOST)";
				CODE_SIGN_STYLE = Automatic;
				CURRENT_PROJECT_VERSION = 1;
				DEVELOPMENT_TEAM = NW3TBUJXAX;
				GENERATE_INFOPLIST_FILE = YES;
				IPHONEOS_DEPLOYMENT_TARGET = 15.0;
				LD_RUNPATH_SEARCH_PATHS = (
					"$(inherited)",
					"@executable_path/Frameworks",
					"@loader_path/Frameworks",
				);
				MARKETING_VERSION = 1.0;
				PRODUCT_BUNDLE_IDENTIFIER = valeriy.myCoreDataDzTests;
				PRODUCT_NAME = "$(TARGET_NAME)";
				SWIFT_EMIT_LOC_STRINGS = NO;
				TARGETED_DEVICE_FAMILY = "1,2";
				TEST_HOST = "$(BUILT_PRODUCTS_DIR)/myCoreDataDz.app/myCoreDataDz";
			};
			name = Debug;
		};
		2901D5F6277E191100831954 /* Release */ = {
			isa = XCBuildConfiguration;
			buildSettings = {
				BUNDLE_LOADER = "$(TEST_HOST)";
				CODE_SIGN_STYLE = Automatic;
				CURRENT_PROJECT_VERSION = 1;
				DEVELOPMENT_TEAM = NW3TBUJXAX;
				GENERATE_INFOPLIST_FILE = YES;
				IPHONEOS_DEPLOYMENT_TARGET = 15.0;
				LD_RUNPATH_SEARCH_PATHS = (
					"$(inherited)",
					"@executable_path/Frameworks",
					"@loader_path/Frameworks",
				);
				MARKETING_VERSION = 1.0;
				PRODUCT_BUNDLE_IDENTIFIER = valeriy.myCoreDataDzTests;
				PRODUCT_NAME = "$(TARGET_NAME)";
				SWIFT_EMIT_LOC_STRINGS = NO;
				TARGETED_DEVICE_FAMILY = "1,2";
				TEST_HOST = "$(BUILT_PRODUCTS_DIR)/myCoreDataDz.app/myCoreDataDz";
			};
			name = Release;
		};
		2901D5F8277E191100831954 /* Debug */ = {
			isa = XCBuildConfiguration;
			buildSettings = {
				CODE_SIGN_STYLE = Automatic;
				CURRENT_PROJECT_VERSION = 1;
				DEVELOPMENT_TEAM = NW3TBUJXAX;
				GENERATE_INFOPLIST_FILE = YES;
				LD_RUNPATH_SEARCH_PATHS = (
					"$(inherited)",
					"@executable_path/Frameworks",
					"@loader_path/Frameworks",
				);
				MARKETING_VERSION = 1.0;
				PRODUCT_BUNDLE_IDENTIFIER = valeriy.myCoreDataDzUITests;
				PRODUCT_NAME = "$(TARGET_NAME)";
				SWIFT_EMIT_LOC_STRINGS = NO;
				TARGETED_DEVICE_FAMILY = "1,2";
				TEST_TARGET_NAME = myCoreDataDz;
			};
			name = Debug;
		};
		2901D5F9277E191100831954 /* Release */ = {
			isa = XCBuildConfiguration;
			buildSettings = {
				CODE_SIGN_STYLE = Automatic;
				CURRENT_PROJECT_VERSION = 1;
				DEVELOPMENT_TEAM = NW3TBUJXAX;
				GENERATE_INFOPLIST_FILE = YES;
				LD_RUNPATH_SEARCH_PATHS = (
					"$(inherited)",
					"@executable_path/Frameworks",
					"@loader_path/Frameworks",
				);
				MARKETING_VERSION = 1.0;
				PRODUCT_BUNDLE_IDENTIFIER = valeriy.myCoreDataDzUITests;
				PRODUCT_NAME = "$(TARGET_NAME)";
				SWIFT_EMIT_LOC_STRINGS = NO;
				TARGETED_DEVICE_FAMILY = "1,2";
				TEST_TARGET_NAME = myCoreDataDz;
			};
			name = Release;
		};
/* End XCBuildConfiguration section */

/* Begin XCConfigurationList section */
		2901D5BA277E190F00831954 /* Build configuration list for PBXProject "myCoreDataDz" */ = {
			isa = XCConfigurationList;
			buildConfigurations = (
				2901D5EF277E191100831954 /* Debug */,
				2901D5F0277E191100831954 /* Release */,
			);
			defaultConfigurationIsVisible = 0;
			defaultConfigurationName = Release;
		};
		2901D5F1277E191100831954 /* Build configuration list for PBXNativeTarget "myCoreDataDz" */ = {
			isa = XCConfigurationList;
			buildConfigurations = (
				2901D5F2277E191100831954 /* Debug */,
				2901D5F3277E191100831954 /* Release */,
			);
			defaultConfigurationIsVisible = 0;
			defaultConfigurationName = Release;
		};
		2901D5F4277E191100831954 /* Build configuration list for PBXNativeTarget "myCoreDataDzTests" */ = {
			isa = XCConfigurationList;
			buildConfigurations = (
				2901D5F5277E191100831954 /* Debug */,
				2901D5F6277E191100831954 /* Release */,
			);
			defaultConfigurationIsVisible = 0;
			defaultConfigurationName = Release;
		};
		2901D5F7277E191100831954 /* Build configuration list for PBXNativeTarget "myCoreDataDzUITests" */ = {
			isa = XCConfigurationList;
			buildConfigurations = (
				2901D5F8277E191100831954 /* Debug */,
				2901D5F9277E191100831954 /* Release */,
			);
			defaultConfigurationIsVisible = 0;
			defaultConfigurationName = Release;
		};
/* End XCConfigurationList section */

/* Begin XCVersionGroup section */
		2901D5CE277E190F00831954 /* myCoreDataDz.xcdatamodeld */ = {
			isa = XCVersionGroup;
			children = (
				2901D5CF277E190F00831954 /* myCoreDataDz.xcdatamodel */,
			);
			currentVersion = 2901D5CF277E190F00831954 /* myCoreDataDz.xcdatamodel */;
			path = myCoreDataDz.xcdatamodeld;
			sourceTree = "<group>";
			versionGroupType = wrapper.xcdatamodel;
		};
/* End XCVersionGroup section */
	};
	rootObject = 2901D5B7277E190F00831954 /* Project object */;
}
